// !$*UTF8*$!
{
	archiveVersion = 1;
	classes = {
	};
	objectVersion = 56;
	objects = {

/* Begin PBXBuildFile section */
		76F148764DDB5F47B0FCE82D /* Pods_ganymede.framework in Frameworks */ = {isa = PBXBuildFile; fileRef = 6FFDAF4FEE24D1B278D9E1CE /* Pods_ganymede.framework */; };
		CCFDDD4FA88FA48A7E778CFD /* Pods_ganymedeTests.framework in Frameworks */ = {isa = PBXBuildFile; fileRef = ED88F62EDA0583B9FCE36630 /* Pods_ganymedeTests.framework */; };
		CF9D222F25B25F66750F3B36 /* Pods_ganymede_ganymedeUITests.framework in Frameworks */ = {isa = PBXBuildFile; fileRef = 12A56B15490099AE0A6CA782 /* Pods_ganymede_ganymedeUITests.framework */; };
		D139E6B32A0E7698008D5231 /* ganymedeApp.swift in Sources */ = {isa = PBXBuildFile; fileRef = D139E6B22A0E7698008D5231 /* ganymedeApp.swift */; };
		D139E6B52A0E7698008D5231 /* ContentView.swift in Sources */ = {isa = PBXBuildFile; fileRef = D139E6B42A0E7698008D5231 /* ContentView.swift */; };
		D139E6B72A0E7699008D5231 /* Assets.xcassets in Resources */ = {isa = PBXBuildFile; fileRef = D139E6B62A0E7699008D5231 /* Assets.xcassets */; };
		D139E6BA2A0E7699008D5231 /* Preview Assets.xcassets in Resources */ = {isa = PBXBuildFile; fileRef = D139E6B92A0E7699008D5231 /* Preview Assets.xcassets */; };
		D139E6C42A0E7699008D5231 /* ganymedeTests.swift in Sources */ = {isa = PBXBuildFile; fileRef = D139E6C32A0E7699008D5231 /* ganymedeTests.swift */; };
		D139E6CE2A0E7699008D5231 /* ganymedeUITests.swift in Sources */ = {isa = PBXBuildFile; fileRef = D139E6CD2A0E7699008D5231 /* ganymedeUITests.swift */; };
		D139E6D02A0E7699008D5231 /* ganymedeUITestsLaunchTests.swift in Sources */ = {isa = PBXBuildFile; fileRef = D139E6CF2A0E7699008D5231 /* ganymedeUITestsLaunchTests.swift */; };
/* End PBXBuildFile section */

/* Begin PBXContainerItemProxy section */
		D139E6C02A0E7699008D5231 /* PBXContainerItemProxy */ = {
			isa = PBXContainerItemProxy;
			containerPortal = D139E6A72A0E7698008D5231 /* Project object */;
			proxyType = 1;
			remoteGlobalIDString = D139E6AE2A0E7698008D5231;
			remoteInfo = ganymede;
		};
		D139E6CA2A0E7699008D5231 /* PBXContainerItemProxy */ = {
			isa = PBXContainerItemProxy;
			containerPortal = D139E6A72A0E7698008D5231 /* Project object */;
			proxyType = 1;
			remoteGlobalIDString = D139E6AE2A0E7698008D5231;
			remoteInfo = ganymede;
		};
/* End PBXContainerItemProxy section */

/* Begin PBXFileReference section */
		12A56B15490099AE0A6CA782 /* Pods_ganymede_ganymedeUITests.framework */ = {isa = PBXFileReference; explicitFileType = wrapper.framework; includeInIndex = 0; path = Pods_ganymede_ganymedeUITests.framework; sourceTree = BUILT_PRODUCTS_DIR; };
		1BF8FD5906CDA714BBAF4689 /* Pods-ganymede.release.xcconfig */ = {isa = PBXFileReference; includeInIndex = 1; lastKnownFileType = text.xcconfig; name = "Pods-ganymede.release.xcconfig"; path = "Target Support Files/Pods-ganymede/Pods-ganymede.release.xcconfig"; sourceTree = "<group>"; };
		4EA598547287A3848158F4A2 /* Pods-ganymede-ganymedeUITests.release.xcconfig */ = {isa = PBXFileReference; includeInIndex = 1; lastKnownFileType = text.xcconfig; name = "Pods-ganymede-ganymedeUITests.release.xcconfig"; path = "Target Support Files/Pods-ganymede-ganymedeUITests/Pods-ganymede-ganymedeUITests.release.xcconfig"; sourceTree = "<group>"; };
		66E02AE9E65F1DB719760BCF /* Pods-ganymedeTests.release.xcconfig */ = {isa = PBXFileReference; includeInIndex = 1; lastKnownFileType = text.xcconfig; name = "Pods-ganymedeTests.release.xcconfig"; path = "Target Support Files/Pods-ganymedeTests/Pods-ganymedeTests.release.xcconfig"; sourceTree = "<group>"; };
		6FFDAF4FEE24D1B278D9E1CE /* Pods_ganymede.framework */ = {isa = PBXFileReference; explicitFileType = wrapper.framework; includeInIndex = 0; path = Pods_ganymede.framework; sourceTree = BUILT_PRODUCTS_DIR; };
		8CCDF89C0227154EFD0E61F6 /* Pods-ganymedeTests.debug.xcconfig */ = {isa = PBXFileReference; includeInIndex = 1; lastKnownFileType = text.xcconfig; name = "Pods-ganymedeTests.debug.xcconfig"; path = "Target Support Files/Pods-ganymedeTests/Pods-ganymedeTests.debug.xcconfig"; sourceTree = "<group>"; };
		A59EB8269B936F6FF8C3390F /* Pods-ganymede.debug.xcconfig */ = {isa = PBXFileReference; includeInIndex = 1; lastKnownFileType = text.xcconfig; name = "Pods-ganymede.debug.xcconfig"; path = "Target Support Files/Pods-ganymede/Pods-ganymede.debug.xcconfig"; sourceTree = "<group>"; };
		A8700DE31F2B2CFD9C63574D /* Pods-ganymede-ganymedeUITests.debug.xcconfig */ = {isa = PBXFileReference; includeInIndex = 1; lastKnownFileType = text.xcconfig; name = "Pods-ganymede-ganymedeUITests.debug.xcconfig"; path = "Target Support Files/Pods-ganymede-ganymedeUITests/Pods-ganymede-ganymedeUITests.debug.xcconfig"; sourceTree = "<group>"; };
		D139E6AF2A0E7698008D5231 /* ganymede.app */ = {isa = PBXFileReference; explicitFileType = wrapper.application; includeInIndex = 0; path = ganymede.app; sourceTree = BUILT_PRODUCTS_DIR; };
		D139E6B22A0E7698008D5231 /* ganymedeApp.swift */ = {isa = PBXFileReference; lastKnownFileType = sourcecode.swift; path = ganymedeApp.swift; sourceTree = "<group>"; };
		D139E6B42A0E7698008D5231 /* ContentView.swift */ = {isa = PBXFileReference; lastKnownFileType = sourcecode.swift; path = ContentView.swift; sourceTree = "<group>"; };
		D139E6B62A0E7699008D5231 /* Assets.xcassets */ = {isa = PBXFileReference; lastKnownFileType = folder.assetcatalog; path = Assets.xcassets; sourceTree = "<group>"; };
		D139E6B92A0E7699008D5231 /* Preview Assets.xcassets */ = {isa = PBXFileReference; lastKnownFileType = folder.assetcatalog; path = "Preview Assets.xcassets"; sourceTree = "<group>"; };
		D139E6BF2A0E7699008D5231 /* ganymedeTests.xctest */ = {isa = PBXFileReference; explicitFileType = wrapper.cfbundle; includeInIndex = 0; path = ganymedeTests.xctest; sourceTree = BUILT_PRODUCTS_DIR; };
		D139E6C32A0E7699008D5231 /* ganymedeTests.swift */ = {isa = PBXFileReference; lastKnownFileType = sourcecode.swift; path = ganymedeTests.swift; sourceTree = "<group>"; };
		D139E6C92A0E7699008D5231 /* ganymedeUITests.xctest */ = {isa = PBXFileReference; explicitFileType = wrapper.cfbundle; includeInIndex = 0; path = ganymedeUITests.xctest; sourceTree = BUILT_PRODUCTS_DIR; };
		D139E6CD2A0E7699008D5231 /* ganymedeUITests.swift */ = {isa = PBXFileReference; lastKnownFileType = sourcecode.swift; path = ganymedeUITests.swift; sourceTree = "<group>"; };
		D139E6CF2A0E7699008D5231 /* ganymedeUITestsLaunchTests.swift */ = {isa = PBXFileReference; lastKnownFileType = sourcecode.swift; path = ganymedeUITestsLaunchTests.swift; sourceTree = "<group>"; };
		ED88F62EDA0583B9FCE36630 /* Pods_ganymedeTests.framework */ = {isa = PBXFileReference; explicitFileType = wrapper.framework; includeInIndex = 0; path = Pods_ganymedeTests.framework; sourceTree = BUILT_PRODUCTS_DIR; };
/* End PBXFileReference section */

/* Begin PBXFrameworksBuildPhase section */
		D139E6AC2A0E7698008D5231 /* Frameworks */ = {
			isa = PBXFrameworksBuildPhase;
			buildActionMask = 2147483647;
			files = (
				76F148764DDB5F47B0FCE82D /* Pods_ganymede.framework in Frameworks */,
			);
			runOnlyForDeploymentPostprocessing = 0;
		};
		D139E6BC2A0E7699008D5231 /* Frameworks */ = {
			isa = PBXFrameworksBuildPhase;
			buildActionMask = 2147483647;
			files = (
				CCFDDD4FA88FA48A7E778CFD /* Pods_ganymedeTests.framework in Frameworks */,
			);
			runOnlyForDeploymentPostprocessing = 0;
		};
		D139E6C62A0E7699008D5231 /* Frameworks */ = {
			isa = PBXFrameworksBuildPhase;
			buildActionMask = 2147483647;
			files = (
				CF9D222F25B25F66750F3B36 /* Pods_ganymede_ganymedeUITests.framework in Frameworks */,
			);
			runOnlyForDeploymentPostprocessing = 0;
		};
/* End PBXFrameworksBuildPhase section */

/* Begin PBXGroup section */
		B0918E087F6F764C96EF966F /* Frameworks */ = {
			isa = PBXGroup;
			children = (
				6FFDAF4FEE24D1B278D9E1CE /* Pods_ganymede.framework */,
				12A56B15490099AE0A6CA782 /* Pods_ganymede_ganymedeUITests.framework */,
				ED88F62EDA0583B9FCE36630 /* Pods_ganymedeTests.framework */,
			);
			name = Frameworks;
			sourceTree = "<group>";
		};
		D139E6A62A0E7698008D5231 = {
			isa = PBXGroup;
			children = (
				D139E6B12A0E7698008D5231 /* ganymede */,
				D139E6C22A0E7699008D5231 /* ganymedeTests */,
				D139E6CC2A0E7699008D5231 /* ganymedeUITests */,
				D139E6B02A0E7698008D5231 /* Products */,
				D757BFA09162B742FAF3497E /* Pods */,
				B0918E087F6F764C96EF966F /* Frameworks */,
			);
			sourceTree = "<group>";
		};
		D139E6B02A0E7698008D5231 /* Products */ = {
			isa = PBXGroup;
			children = (
				D139E6AF2A0E7698008D5231 /* ganymede.app */,
				D139E6BF2A0E7699008D5231 /* ganymedeTests.xctest */,
				D139E6C92A0E7699008D5231 /* ganymedeUITests.xctest */,
			);
			name = Products;
			sourceTree = "<group>";
		};
		D139E6B12A0E7698008D5231 /* ganymede */ = {
			isa = PBXGroup;
			children = (
				D139E6B22A0E7698008D5231 /* ganymedeApp.swift */,
				D139E6B42A0E7698008D5231 /* ContentView.swift */,
				D139E6B62A0E7699008D5231 /* Assets.xcassets */,
				D139E6B82A0E7699008D5231 /* Preview Content */,
			);
			path = ganymede;
			sourceTree = "<group>";
		};
		D139E6B82A0E7699008D5231 /* Preview Content */ = {
			isa = PBXGroup;
			children = (
				D139E6B92A0E7699008D5231 /* Preview Assets.xcassets */,
			);
			path = "Preview Content";
			sourceTree = "<group>";
		};
		D139E6C22A0E7699008D5231 /* ganymedeTests */ = {
			isa = PBXGroup;
			children = (
				D139E6C32A0E7699008D5231 /* ganymedeTests.swift */,
			);
			path = ganymedeTests;
			sourceTree = "<group>";
		};
		D139E6CC2A0E7699008D5231 /* ganymedeUITests */ = {
			isa = PBXGroup;
			children = (
				D139E6CD2A0E7699008D5231 /* ganymedeUITests.swift */,
				D139E6CF2A0E7699008D5231 /* ganymedeUITestsLaunchTests.swift */,
			);
			path = ganymedeUITests;
			sourceTree = "<group>";
		};
		D757BFA09162B742FAF3497E /* Pods */ = {
			isa = PBXGroup;
			children = (
				A59EB8269B936F6FF8C3390F /* Pods-ganymede.debug.xcconfig */,
				1BF8FD5906CDA714BBAF4689 /* Pods-ganymede.release.xcconfig */,
				A8700DE31F2B2CFD9C63574D /* Pods-ganymede-ganymedeUITests.debug.xcconfig */,
				4EA598547287A3848158F4A2 /* Pods-ganymede-ganymedeUITests.release.xcconfig */,
				8CCDF89C0227154EFD0E61F6 /* Pods-ganymedeTests.debug.xcconfig */,
				66E02AE9E65F1DB719760BCF /* Pods-ganymedeTests.release.xcconfig */,
			);
			path = Pods;
			sourceTree = "<group>";
		};
/* End PBXGroup section */

/* Begin PBXNativeTarget section */
		D139E6AE2A0E7698008D5231 /* ganymede */ = {
			isa = PBXNativeTarget;
			buildConfigurationList = D139E6D32A0E7699008D5231 /* Build configuration list for PBXNativeTarget "ganymede" */;
			buildPhases = (
				2DFB2F1AD38D5218C6B115CE /* [CP] Check Pods Manifest.lock */,
				D139E6AB2A0E7698008D5231 /* Sources */,
				D139E6AC2A0E7698008D5231 /* Frameworks */,
				D139E6AD2A0E7698008D5231 /* Resources */,
				662AC4FA8963D254A5C05535 /* [CP] Embed Pods Frameworks */,
			);
			buildRules = (
			);
			dependencies = (
			);
			name = ganymede;
			productName = ganymede;
			productReference = D139E6AF2A0E7698008D5231 /* ganymede.app */;
			productType = "com.apple.product-type.application";
		};
		D139E6BE2A0E7699008D5231 /* ganymedeTests */ = {
			isa = PBXNativeTarget;
			buildConfigurationList = D139E6D62A0E7699008D5231 /* Build configuration list for PBXNativeTarget "ganymedeTests" */;
			buildPhases = (
				FD92ADE54DE827D51E9AC861 /* [CP] Check Pods Manifest.lock */,
				D139E6BB2A0E7699008D5231 /* Sources */,
				D139E6BC2A0E7699008D5231 /* Frameworks */,
				D139E6BD2A0E7699008D5231 /* Resources */,
			);
			buildRules = (
			);
			dependencies = (
				D139E6C12A0E7699008D5231 /* PBXTargetDependency */,
			);
			name = ganymedeTests;
			productName = ganymedeTests;
			productReference = D139E6BF2A0E7699008D5231 /* ganymedeTests.xctest */;
			productType = "com.apple.product-type.bundle.unit-test";
		};
		D139E6C82A0E7699008D5231 /* ganymedeUITests */ = {
			isa = PBXNativeTarget;
			buildConfigurationList = D139E6D92A0E7699008D5231 /* Build configuration list for PBXNativeTarget "ganymedeUITests" */;
			buildPhases = (
				6EA25AFE5C9577C4392617CD /* [CP] Check Pods Manifest.lock */,
				D139E6C52A0E7699008D5231 /* Sources */,
				D139E6C62A0E7699008D5231 /* Frameworks */,
				D139E6C72A0E7699008D5231 /* Resources */,
				4DEC8E46A820EADD988377BF /* [CP] Embed Pods Frameworks */,
			);
			buildRules = (
			);
			dependencies = (
				D139E6CB2A0E7699008D5231 /* PBXTargetDependency */,
			);
			name = ganymedeUITests;
			productName = ganymedeUITests;
			productReference = D139E6C92A0E7699008D5231 /* ganymedeUITests.xctest */;
			productType = "com.apple.product-type.bundle.ui-testing";
		};
/* End PBXNativeTarget section */

/* Begin PBXProject section */
		D139E6A72A0E7698008D5231 /* Project object */ = {
			isa = PBXProject;
			attributes = {
				BuildIndependentTargetsInParallel = 1;
				LastSwiftUpdateCheck = 1430;
				LastUpgradeCheck = 1430;
				TargetAttributes = {
					D139E6AE2A0E7698008D5231 = {
						CreatedOnToolsVersion = 14.3;
					};
					D139E6BE2A0E7699008D5231 = {
						CreatedOnToolsVersion = 14.3;
						TestTargetID = D139E6AE2A0E7698008D5231;
					};
					D139E6C82A0E7699008D5231 = {
						CreatedOnToolsVersion = 14.3;
						TestTargetID = D139E6AE2A0E7698008D5231;
					};
				};
			};
			buildConfigurationList = D139E6AA2A0E7698008D5231 /* Build configuration list for PBXProject "ganymede" */;
			compatibilityVersion = "Xcode 14.0";
			developmentRegion = en;
			hasScannedForEncodings = 0;
			knownRegions = (
				en,
				Base,
			);
			mainGroup = D139E6A62A0E7698008D5231;
			productRefGroup = D139E6B02A0E7698008D5231 /* Products */;
			projectDirPath = "";
			projectRoot = "";
			targets = (
				D139E6AE2A0E7698008D5231 /* ganymede */,
				D139E6BE2A0E7699008D5231 /* ganymedeTests */,
				D139E6C82A0E7699008D5231 /* ganymedeUITests */,
			);
		};
/* End PBXProject section */

/* Begin PBXResourcesBuildPhase section */
		D139E6AD2A0E7698008D5231 /* Resources */ = {
			isa = PBXResourcesBuildPhase;
			buildActionMask = 2147483647;
			files = (
				D139E6BA2A0E7699008D5231 /* Preview Assets.xcassets in Resources */,
				D139E6B72A0E7699008D5231 /* Assets.xcassets in Resources */,
			);
			runOnlyForDeploymentPostprocessing = 0;
		};
		D139E6BD2A0E7699008D5231 /* Resources */ = {
			isa = PBXResourcesBuildPhase;
			buildActionMask = 2147483647;
			files = (
			);
			runOnlyForDeploymentPostprocessing = 0;
		};
		D139E6C72A0E7699008D5231 /* Resources */ = {
			isa = PBXResourcesBuildPhase;
			buildActionMask = 2147483647;
			files = (
			);
			runOnlyForDeploymentPostprocessing = 0;
		};
/* End PBXResourcesBuildPhase section */

/* Begin PBXShellScriptBuildPhase section */
		2DFB2F1AD38D5218C6B115CE /* [CP] Check Pods Manifest.lock */ = {
			isa = PBXShellScriptBuildPhase;
			buildActionMask = 2147483647;
			files = (
			);
			inputFileListPaths = (
			);
			inputPaths = (
				"${PODS_PODFILE_DIR_PATH}/Podfile.lock",
				"${PODS_ROOT}/Manifest.lock",
			);
			name = "[CP] Check Pods Manifest.lock";
			outputFileListPaths = (
			);
			outputPaths = (
				"$(DERIVED_FILE_DIR)/Pods-ganymede-checkManifestLockResult.txt",
			);
			runOnlyForDeploymentPostprocessing = 0;
			shellPath = /bin/sh;
			shellScript = "diff \"${PODS_PODFILE_DIR_PATH}/Podfile.lock\" \"${PODS_ROOT}/Manifest.lock\" > /dev/null\nif [ $? != 0 ] ; then\n    # print error to STDERR\n    echo \"error: The sandbox is not in sync with the Podfile.lock. Run 'pod install' or update your CocoaPods installation.\" >&2\n    exit 1\nfi\n# This output is used by Xcode 'outputs' to avoid re-running this script phase.\necho \"SUCCESS\" > \"${SCRIPT_OUTPUT_FILE_0}\"\n";
			showEnvVarsInLog = 0;
		};
		4DEC8E46A820EADD988377BF /* [CP] Embed Pods Frameworks */ = {
			isa = PBXShellScriptBuildPhase;
			buildActionMask = 2147483647;
			files = (
			);
			inputFileListPaths = (
				"${PODS_ROOT}/Target Support Files/Pods-ganymede-ganymedeUITests/Pods-ganymede-ganymedeUITests-frameworks-${CONFIGURATION}-input-files.xcfilelist",
			);
			name = "[CP] Embed Pods Frameworks";
			outputFileListPaths = (
				"${PODS_ROOT}/Target Support Files/Pods-ganymede-ganymedeUITests/Pods-ganymede-ganymedeUITests-frameworks-${CONFIGURATION}-output-files.xcfilelist",
			);
			runOnlyForDeploymentPostprocessing = 0;
			shellPath = /bin/sh;
			shellScript = "\"${PODS_ROOT}/Target Support Files/Pods-ganymede-ganymedeUITests/Pods-ganymede-ganymedeUITests-frameworks.sh\"\n";
			showEnvVarsInLog = 0;
		};
		662AC4FA8963D254A5C05535 /* [CP] Embed Pods Frameworks */ = {
			isa = PBXShellScriptBuildPhase;
			buildActionMask = 2147483647;
			files = (
			);
			inputFileListPaths = (
				"${PODS_ROOT}/Target Support Files/Pods-ganymede/Pods-ganymede-frameworks-${CONFIGURATION}-input-files.xcfilelist",
			);
			name = "[CP] Embed Pods Frameworks";
			outputFileListPaths = (
				"${PODS_ROOT}/Target Support Files/Pods-ganymede/Pods-ganymede-frameworks-${CONFIGURATION}-output-files.xcfilelist",
			);
			runOnlyForDeploymentPostprocessing = 0;
			shellPath = /bin/sh;
			shellScript = "\"${PODS_ROOT}/Target Support Files/Pods-ganymede/Pods-ganymede-frameworks.sh\"\n";
			showEnvVarsInLog = 0;
		};
		6EA25AFE5C9577C4392617CD /* [CP] Check Pods Manifest.lock */ = {
			isa = PBXShellScriptBuildPhase;
			buildActionMask = 2147483647;
			files = (
			);
			inputFileListPaths = (
			);
			inputPaths = (
				"${PODS_PODFILE_DIR_PATH}/Podfile.lock",
				"${PODS_ROOT}/Manifest.lock",
			);
			name = "[CP] Check Pods Manifest.lock";
			outputFileListPaths = (
			);
			outputPaths = (
				"$(DERIVED_FILE_DIR)/Pods-ganymede-ganymedeUITests-checkManifestLockResult.txt",
			);
			runOnlyForDeploymentPostprocessing = 0;
			shellPath = /bin/sh;
			shellScript = "diff \"${PODS_PODFILE_DIR_PATH}/Podfile.lock\" \"${PODS_ROOT}/Manifest.lock\" > /dev/null\nif [ $? != 0 ] ; then\n    # print error to STDERR\n    echo \"error: The sandbox is not in sync with the Podfile.lock. Run 'pod install' or update your CocoaPods installation.\" >&2\n    exit 1\nfi\n# This output is used by Xcode 'outputs' to avoid re-running this script phase.\necho \"SUCCESS\" > \"${SCRIPT_OUTPUT_FILE_0}\"\n";
			showEnvVarsInLog = 0;
		};
		FD92ADE54DE827D51E9AC861 /* [CP] Check Pods Manifest.lock */ = {
			isa = PBXShellScriptBuildPhase;
			buildActionMask = 2147483647;
			files = (
			);
			inputFileListPaths = (
			);
			inputPaths = (
				"${PODS_PODFILE_DIR_PATH}/Podfile.lock",
				"${PODS_ROOT}/Manifest.lock",
			);
			name = "[CP] Check Pods Manifest.lock";
			outputFileListPaths = (
			);
			outputPaths = (
				"$(DERIVED_FILE_DIR)/Pods-ganymedeTests-checkManifestLockResult.txt",
			);
			runOnlyForDeploymentPostprocessing = 0;
			shellPath = /bin/sh;
			shellScript = "diff \"${PODS_PODFILE_DIR_PATH}/Podfile.lock\" \"${PODS_ROOT}/Manifest.lock\" > /dev/null\nif [ $? != 0 ] ; then\n    # print error to STDERR\n    echo \"error: The sandbox is not in sync with the Podfile.lock. Run 'pod install' or update your CocoaPods installation.\" >&2\n    exit 1\nfi\n# This output is used by Xcode 'outputs' to avoid re-running this script phase.\necho \"SUCCESS\" > \"${SCRIPT_OUTPUT_FILE_0}\"\n";
			showEnvVarsInLog = 0;
		};
/* End PBXShellScriptBuildPhase section */

/* Begin PBXSourcesBuildPhase section */
		D139E6AB2A0E7698008D5231 /* Sources */ = {
			isa = PBXSourcesBuildPhase;
			buildActionMask = 2147483647;
			files = (
				D139E6B52A0E7698008D5231 /* ContentView.swift in Sources */,
				D139E6B32A0E7698008D5231 /* ganymedeApp.swift in Sources */,
			);
			runOnlyForDeploymentPostprocessing = 0;
		};
		D139E6BB2A0E7699008D5231 /* Sources */ = {
			isa = PBXSourcesBuildPhase;
			buildActionMask = 2147483647;
			files = (
				D139E6C42A0E7699008D5231 /* ganymedeTests.swift in Sources */,
			);
			runOnlyForDeploymentPostprocessing = 0;
		};
		D139E6C52A0E7699008D5231 /* Sources */ = {
			isa = PBXSourcesBuildPhase;
			buildActionMask = 2147483647;
			files = (
				D139E6D02A0E7699008D5231 /* ganymedeUITestsLaunchTests.swift in Sources */,
				D139E6CE2A0E7699008D5231 /* ganymedeUITests.swift in Sources */,
			);
			runOnlyForDeploymentPostprocessing = 0;
		};
/* End PBXSourcesBuildPhase section */

/* Begin PBXTargetDependency section */
		D139E6C12A0E7699008D5231 /* PBXTargetDependency */ = {
			isa = PBXTargetDependency;
			target = D139E6AE2A0E7698008D5231 /* ganymede */;
			targetProxy = D139E6C02A0E7699008D5231 /* PBXContainerItemProxy */;
		};
		D139E6CB2A0E7699008D5231 /* PBXTargetDependency */ = {
			isa = PBXTargetDependency;
			target = D139E6AE2A0E7698008D5231 /* ganymede */;
			targetProxy = D139E6CA2A0E7699008D5231 /* PBXContainerItemProxy */;
		};
/* End PBXTargetDependency section */

/* Begin XCBuildConfiguration section */
		D139E6D12A0E7699008D5231 /* Debug */ = {
			isa = XCBuildConfiguration;
			buildSettings = {
				ALWAYS_SEARCH_USER_PATHS = NO;
				CLANG_ANALYZER_NONNULL = YES;
				CLANG_ANALYZER_NUMBER_OBJECT_CONVERSION = YES_AGGRESSIVE;
				CLANG_CXX_LANGUAGE_STANDARD = "gnu++20";
				CLANG_ENABLE_MODULES = YES;
				CLANG_ENABLE_OBJC_ARC = YES;
				CLANG_ENABLE_OBJC_WEAK = YES;
				CLANG_WARN_BLOCK_CAPTURE_AUTORELEASING = YES;
				CLANG_WARN_BOOL_CONVERSION = YES;
				CLANG_WARN_COMMA = YES;
				CLANG_WARN_CONSTANT_CONVERSION = YES;
				CLANG_WARN_DEPRECATED_OBJC_IMPLEMENTATIONS = YES;
				CLANG_WARN_DIRECT_OBJC_ISA_USAGE = YES_ERROR;
				CLANG_WARN_DOCUMENTATION_COMMENTS = YES;
				CLANG_WARN_EMPTY_BODY = YES;
				CLANG_WARN_ENUM_CONVERSION = YES;
				CLANG_WARN_INFINITE_RECURSION = YES;
				CLANG_WARN_INT_CONVERSION = YES;
				CLANG_WARN_NON_LITERAL_NULL_CONVERSION = YES;
				CLANG_WARN_OBJC_IMPLICIT_RETAIN_SELF = YES;
				CLANG_WARN_OBJC_LITERAL_CONVERSION = YES;
				CLANG_WARN_OBJC_ROOT_CLASS = YES_ERROR;
				CLANG_WARN_QUOTED_INCLUDE_IN_FRAMEWORK_HEADER = YES;
				CLANG_WARN_RANGE_LOOP_ANALYSIS = YES;
				CLANG_WARN_STRICT_PROTOTYPES = YES;
				CLANG_WARN_SUSPICIOUS_MOVE = YES;
				CLANG_WARN_UNGUARDED_AVAILABILITY = YES_AGGRESSIVE;
				CLANG_WARN_UNREACHABLE_CODE = YES;
				CLANG_WARN__DUPLICATE_METHOD_MATCH = YES;
				COPY_PHASE_STRIP = NO;
				DEBUG_INFORMATION_FORMAT = dwarf;
				ENABLE_STRICT_OBJC_MSGSEND = YES;
				ENABLE_TESTABILITY = YES;
				GCC_C_LANGUAGE_STANDARD = gnu11;
				GCC_DYNAMIC_NO_PIC = NO;
				GCC_NO_COMMON_BLOCKS = YES;
				GCC_OPTIMIZATION_LEVEL = 0;
				GCC_PREPROCESSOR_DEFINITIONS = (
					"DEBUG=1",
					"$(inherited)",
				);
				GCC_WARN_64_TO_32_BIT_CONVERSION = YES;
				GCC_WARN_ABOUT_RETURN_TYPE = YES_ERROR;
				GCC_WARN_UNDECLARED_SELECTOR = YES;
				GCC_WARN_UNINITIALIZED_AUTOS = YES_AGGRESSIVE;
				GCC_WARN_UNUSED_FUNCTION = YES;
				GCC_WARN_UNUSED_VARIABLE = YES;
				IPHONEOS_DEPLOYMENT_TARGET = 16.4;
				MTL_ENABLE_DEBUG_INFO = INCLUDE_SOURCE;
				MTL_FAST_MATH = YES;
				ONLY_ACTIVE_ARCH = YES;
				SDKROOT = iphoneos;
				SWIFT_ACTIVE_COMPILATION_CONDITIONS = DEBUG;
				SWIFT_OPTIMIZATION_LEVEL = "-Onone";
			};
			name = Debug;
		};
		D139E6D22A0E7699008D5231 /* Release */ = {
			isa = XCBuildConfiguration;
			buildSettings = {
				ALWAYS_SEARCH_USER_PATHS = NO;
				CLANG_ANALYZER_NONNULL = YES;
				CLANG_ANALYZER_NUMBER_OBJECT_CONVERSION = YES_AGGRESSIVE;
				CLANG_CXX_LANGUAGE_STANDARD = "gnu++20";
				CLANG_ENABLE_MODULES = YES;
				CLANG_ENABLE_OBJC_ARC = YES;
				CLANG_ENABLE_OBJC_WEAK = YES;
				CLANG_WARN_BLOCK_CAPTURE_AUTORELEASING = YES;
				CLANG_WARN_BOOL_CONVERSION = YES;
				CLANG_WARN_COMMA = YES;
				CLANG_WARN_CONSTANT_CONVERSION = YES;
				CLANG_WARN_DEPRECATED_OBJC_IMPLEMENTATIONS = YES;
				CLANG_WARN_DIRECT_OBJC_ISA_USAGE = YES_ERROR;
				CLANG_WARN_DOCUMENTATION_COMMENTS = YES;
				CLANG_WARN_EMPTY_BODY = YES;
				CLANG_WARN_ENUM_CONVERSION = YES;
				CLANG_WARN_INFINITE_RECURSION = YES;
				CLANG_WARN_INT_CONVERSION = YES;
				CLANG_WARN_NON_LITERAL_NULL_CONVERSION = YES;
				CLANG_WARN_OBJC_IMPLICIT_RETAIN_SELF = YES;
				CLANG_WARN_OBJC_LITERAL_CONVERSION = YES;
				CLANG_WARN_OBJC_ROOT_CLASS = YES_ERROR;
				CLANG_WARN_QUOTED_INCLUDE_IN_FRAMEWORK_HEADER = YES;
				CLANG_WARN_RANGE_LOOP_ANALYSIS = YES;
				CLANG_WARN_STRICT_PROTOTYPES = YES;
				CLANG_WARN_SUSPICIOUS_MOVE = YES;
				CLANG_WARN_UNGUARDED_AVAILABILITY = YES_AGGRESSIVE;
				CLANG_WARN_UNREACHABLE_CODE = YES;
				CLANG_WARN__DUPLICATE_METHOD_MATCH = YES;
				COPY_PHASE_STRIP = NO;
				DEBUG_INFORMATION_FORMAT = "dwarf-with-dsym";
				ENABLE_NS_ASSERTIONS = NO;
				ENABLE_STRICT_OBJC_MSGSEND = YES;
				GCC_C_LANGUAGE_STANDARD = gnu11;
				GCC_NO_COMMON_BLOCKS = YES;
				GCC_WARN_64_TO_32_BIT_CONVERSION = YES;
				GCC_WARN_ABOUT_RETURN_TYPE = YES_ERROR;
				GCC_WARN_UNDECLARED_SELECTOR = YES;
				GCC_WARN_UNINITIALIZED_AUTOS = YES_AGGRESSIVE;
				GCC_WARN_UNUSED_FUNCTION = YES;
				GCC_WARN_UNUSED_VARIABLE = YES;
				IPHONEOS_DEPLOYMENT_TARGET = 16.4;
				MTL_ENABLE_DEBUG_INFO = NO;
				MTL_FAST_MATH = YES;
				SDKROOT = iphoneos;
				SWIFT_COMPILATION_MODE = wholemodule;
				SWIFT_OPTIMIZATION_LEVEL = "-O";
				VALIDATE_PRODUCT = YES;
			};
			name = Release;
		};
		D139E6D42A0E7699008D5231 /* Debug */ = {
			isa = XCBuildConfiguration;
			baseConfigurationReference = A59EB8269B936F6FF8C3390F /* Pods-ganymede.debug.xcconfig */;
			buildSettings = {
				ASSETCATALOG_COMPILER_APPICON_NAME = AppIcon;
				ASSETCATALOG_COMPILER_GLOBAL_ACCENT_COLOR_NAME = AccentColor;
				CODE_SIGN_STYLE = Automatic;
				CURRENT_PROJECT_VERSION = 1;
				DEVELOPMENT_ASSET_PATHS = "\"ganymede/Preview Content\"";
				DEVELOPMENT_TEAM = P3RZR23WSJ;
				ENABLE_PREVIEWS = YES;
				GENERATE_INFOPLIST_FILE = YES;
				INFOPLIST_KEY_UIApplicationSceneManifest_Generation = YES;
				INFOPLIST_KEY_UIApplicationSupportsIndirectInputEvents = YES;
				INFOPLIST_KEY_UILaunchScreen_Generation = YES;
				INFOPLIST_KEY_UISupportedInterfaceOrientations_iPad = "UIInterfaceOrientationPortrait UIInterfaceOrientationPortraitUpsideDown UIInterfaceOrientationLandscapeLeft UIInterfaceOrientationLandscapeRight";
				INFOPLIST_KEY_UISupportedInterfaceOrientations_iPhone = "UIInterfaceOrientationPortrait UIInterfaceOrientationLandscapeLeft UIInterfaceOrientationLandscapeRight";
				IPHONEOS_DEPLOYMENT_TARGET = 14.0;
				LD_RUNPATH_SEARCH_PATHS = (
					"$(inherited)",
					"@executable_path/Frameworks",
				);
				MARKETING_VERSION = 1.0;
				PRODUCT_BUNDLE_IDENTIFIER = dev.dmendoza.ganymede;
				PRODUCT_NAME = "$(TARGET_NAME)";
				SUPPORTED_PLATFORMS = "iphoneos iphonesimulator";
				SUPPORTS_MACCATALYST = NO;
				SUPPORTS_MAC_DESIGNED_FOR_IPHONE_IPAD = NO;
				SWIFT_EMIT_LOC_STRINGS = YES;
				SWIFT_VERSION = 5.0;
				TARGETED_DEVICE_FAMILY = "1,2";
			};
			name = Debug;
		};
		D139E6D52A0E7699008D5231 /* Release */ = {
			isa = XCBuildConfiguration;
			baseConfigurationReference = 1BF8FD5906CDA714BBAF4689 /* Pods-ganymede.release.xcconfig */;
			buildSettings = {
				ASSETCATALOG_COMPILER_APPICON_NAME = AppIcon;
				ASSETCATALOG_COMPILER_GLOBAL_ACCENT_COLOR_NAME = AccentColor;
				CODE_SIGN_STYLE = Automatic;
				CURRENT_PROJECT_VERSION = 1;
				DEVELOPMENT_ASSET_PATHS = "\"ganymede/Preview Content\"";
				DEVELOPMENT_TEAM = P3RZR23WSJ;
				ENABLE_PREVIEWS = YES;
				GENERATE_INFOPLIST_FILE = YES;
				INFOPLIST_KEY_UIApplicationSceneManifest_Generation = YES;
				INFOPLIST_KEY_UIApplicationSupportsIndirectInputEvents = YES;
				INFOPLIST_KEY_UILaunchScreen_Generation = YES;
				INFOPLIST_KEY_UISupportedInterfaceOrientations_iPad = "UIInterfaceOrientationPortrait UIInterfaceOrientationPortraitUpsideDown UIInterfaceOrientationLandscapeLeft UIInterfaceOrientationLandscapeRight";
				INFOPLIST_KEY_UISupportedInterfaceOrientations_iPhone = "UIInterfaceOrientationPortrait UIInterfaceOrientationLandscapeLeft UIInterfaceOrientationLandscapeRight";
				IPHONEOS_DEPLOYMENT_TARGET = 14.0;
				LD_RUNPATH_SEARCH_PATHS = (
					"$(inherited)",
					"@executable_path/Frameworks",
				);
				MARKETING_VERSION = 1.0;
				PRODUCT_BUNDLE_IDENTIFIER = dev.dmendoza.ganymede;
				PRODUCT_NAME = "$(TARGET_NAME)";
				SUPPORTED_PLATFORMS = "iphoneos iphonesimulator";
				SUPPORTS_MACCATALYST = NO;
				SUPPORTS_MAC_DESIGNED_FOR_IPHONE_IPAD = NO;
				SWIFT_EMIT_LOC_STRINGS = YES;
				SWIFT_VERSION = 5.0;
				TARGETED_DEVICE_FAMILY = "1,2";
			};
			name = Release;
		};
		D139E6D72A0E7699008D5231 /* Debug */ = {
			isa = XCBuildConfiguration;
			baseConfigurationReference = 8CCDF89C0227154EFD0E61F6 /* Pods-ganymedeTests.debug.xcconfig */;
			buildSettings = {
				ALWAYS_EMBED_SWIFT_STANDARD_LIBRARIES = YES;
				BUNDLE_LOADER = "$(TEST_HOST)";
				CODE_SIGN_STYLE = Automatic;
				CURRENT_PROJECT_VERSION = 1;
				DEVELOPMENT_TEAM = P3RZR23WSJ;
				GENERATE_INFOPLIST_FILE = YES;
				IPHONEOS_DEPLOYMENT_TARGET = 16.4;
				MARKETING_VERSION = 1.0;
				PRODUCT_BUNDLE_IDENTIFIER = dev.dmendoza.ganymedeTests;
				PRODUCT_NAME = "$(TARGET_NAME)";
				SWIFT_EMIT_LOC_STRINGS = NO;
				SWIFT_VERSION = 5.0;
				TARGETED_DEVICE_FAMILY = "1,2";
				TEST_HOST = "$(BUILT_PRODUCTS_DIR)/ganymede.app/$(BUNDLE_EXECUTABLE_FOLDER_PATH)/ganymede";
			};
			name = Debug;
		};
		D139E6D82A0E7699008D5231 /* Release */ = {
			isa = XCBuildConfiguration;
			baseConfigurationReference = 66E02AE9E65F1DB719760BCF /* Pods-ganymedeTests.release.xcconfig */;
			buildSettings = {
				ALWAYS_EMBED_SWIFT_STANDARD_LIBRARIES = YES;
				BUNDLE_LOADER = "$(TEST_HOST)";
				CODE_SIGN_STYLE = Automatic;
				CURRENT_PROJECT_VERSION = 1;
				DEVELOPMENT_TEAM = P3RZR23WSJ;
				GENERATE_INFOPLIST_FILE = YES;
				IPHONEOS_DEPLOYMENT_TARGET = 16.4;
				MARKETING_VERSION = 1.0;
				PRODUCT_BUNDLE_IDENTIFIER = dev.dmendoza.ganymedeTests;
				PRODUCT_NAME = "$(TARGET_NAME)";
				SWIFT_EMIT_LOC_STRINGS = NO;
				SWIFT_VERSION = 5.0;
				TARGETED_DEVICE_FAMILY = "1,2";
				TEST_HOST = "$(BUILT_PRODUCTS_DIR)/ganymede.app/$(BUNDLE_EXECUTABLE_FOLDER_PATH)/ganymede";
			};
			name = Release;
		};
		D139E6DA2A0E7699008D5231 /* Debug */ = {
			isa = XCBuildConfiguration;
			baseConfigurationReference = A8700DE31F2B2CFD9C63574D /* Pods-ganymede-ganymedeUITests.debug.xcconfig */;
			buildSettings = {
				CODE_SIGN_STYLE = Automatic;
				CURRENT_PROJECT_VERSION = 1;
				DEVELOPMENT_TEAM = P3RZR23WSJ;
				GENERATE_INFOPLIST_FILE = YES;
				MARKETING_VERSION = 1.0;
				PRODUCT_BUNDLE_IDENTIFIER = dev.dmendoza.ganymedeUITests;
				PRODUCT_NAME = "$(TARGET_NAME)";
				SWIFT_EMIT_LOC_STRINGS = NO;
				SWIFT_VERSION = 5.0;
				TARGETED_DEVICE_FAMILY = "1,2";
				TEST_TARGET_NAME = ganymede;
			};
			name = Debug;
		};
		D139E6DB2A0E7699008D5231 /* Release */ = {
			isa = XCBuildConfiguration;
			baseConfigurationReference = 4EA598547287A3848158F4A2 /* Pods-ganymede-ganymedeUITests.release.xcconfig */;
			buildSettings = {
				CODE_SIGN_STYLE = Automatic;
				CURRENT_PROJECT_VERSION = 1;
				DEVELOPMENT_TEAM = P3RZR23WSJ;
				GENERATE_INFOPLIST_FILE = YES;
				MARKETING_VERSION = 1.0;
				PRODUCT_BUNDLE_IDENTIFIER = dev.dmendoza.ganymedeUITests;
				PRODUCT_NAME = "$(TARGET_NAME)";
				SWIFT_EMIT_LOC_STRINGS = NO;
				SWIFT_VERSION = 5.0;
				TARGETED_DEVICE_FAMILY = "1,2";
				TEST_TARGET_NAME = ganymede;
			};
			name = Release;
		};
/* End XCBuildConfiguration section */

/* Begin XCConfigurationList section */
		D139E6AA2A0E7698008D5231 /* Build configuration list for PBXProject "ganymede" */ = {
			isa = XCConfigurationList;
			buildConfigurations = (
				D139E6D12A0E7699008D5231 /* Debug */,
				D139E6D22A0E7699008D5231 /* Release */,
			);
			defaultConfigurationIsVisible = 0;
			defaultConfigurationName = Release;
		};
		D139E6D32A0E7699008D5231 /* Build configuration list for PBXNativeTarget "ganymede" */ = {
			isa = XCConfigurationList;
			buildConfigurations = (
				D139E6D42A0E7699008D5231 /* Debug */,
				D139E6D52A0E7699008D5231 /* Release */,
			);
			defaultConfigurationIsVisible = 0;
			defaultConfigurationName = Release;
		};
		D139E6D62A0E7699008D5231 /* Build configuration list for PBXNativeTarget "ganymedeTests" */ = {
			isa = XCConfigurationList;
			buildConfigurations = (
				D139E6D72A0E7699008D5231 /* Debug */,
				D139E6D82A0E7699008D5231 /* Release */,
			);
			defaultConfigurationIsVisible = 0;
			defaultConfigurationName = Release;
		};
		D139E6D92A0E7699008D5231 /* Build configuration list for PBXNativeTarget "ganymedeUITests" */ = {
			isa = XCConfigurationList;
			buildConfigurations = (
				D139E6DA2A0E7699008D5231 /* Debug */,
				D139E6DB2A0E7699008D5231 /* Release */,
			);
			defaultConfigurationIsVisible = 0;
			defaultConfigurationName = Release;
		};
/* End XCConfigurationList section */
	};
	rootObject = D139E6A72A0E7698008D5231 /* Project object */;
}
